
Microsoft Visual Studio Solution File, Format Version 12.00
# Visual Studio Version 17
VisualStudioVersion = 17.14.36804.6 d17.14
MinimumVisualStudioVersion = 10.0.40219.1
Project("{FAE04EC0-301F-11D3-BF4B-00C04F79EFBC}") = "animelist", "animelist\animelist.csproj", "{03ADBD03-C75C-48B8-AB53-AB86ECE1480A}"
EndProject
Global
	GlobalSection(SolutionConfigurationPlatforms) = preSolution
		Debug|Any CPU = Debug|Any CPU
		Release|Any CPU = Release|Any CPU
	EndGlobalSection
	GlobalSection(ProjectConfigurationPlatforms) = postSolution
		{03ADBD03-C75C-48B8-AB53-AB86ECE1480A}.Debug|Any CPU.ActiveCfg = Debug|Any CPU
		{03ADBD03-C75C-48B8-AB53-AB86ECE1480A}.Debug|Any CPU.Build.0 = Debug|Any CPU
		{03ADBD03-C75C-48B8-AB53-AB86ECE1480A}.Release|Any CPU.ActiveCfg = Release|Any CPU
		{03ADBD03-C75C-48B8-AB53-AB86ECE1480A}.Release|Any CPU.Build.0 = Release|Any CPU
	EndGlobalSection
	GlobalSection(SolutionProperties) = preSolution
		HideSolutionNode = FALSE
	EndGlobalSection
	GlobalSection(ExtensibilityGlobals) = postSolution
		SolutionGuid = {AF2F289E-26BB-4AC0-AD29-794BE1492987}
	EndGlobalSection
EndGlobal
